// !$*UTF8*$!
{
	archiveVersion = 1;
	classes = {
	};
	objectVersion = 46;
	objects = {

/* Begin PBXBuildFile section */
		8F11857C1909528600B4FF98 /* Foundation.framework in Frameworks */ = {isa = PBXBuildFile; fileRef = 8F11857B1909528600B4FF98 /* Foundation.framework */; };
		8F11857E1909528600B4FF98 /* CoreGraphics.framework in Frameworks */ = {isa = PBXBuildFile; fileRef = 8F11857D1909528600B4FF98 /* CoreGraphics.framework */; };
		8F1185801909528600B4FF98 /* UIKit.framework in Frameworks */ = {isa = PBXBuildFile; fileRef = 8F11857F1909528600B4FF98 /* UIKit.framework */; };
		8F1185861909528600B4FF98 /* InfoPlist.strings in Resources */ = {isa = PBXBuildFile; fileRef = 8F1185841909528600B4FF98 /* InfoPlist.strings */; };
		8F1185881909528600B4FF98 /* main.m in Sources */ = {isa = PBXBuildFile; fileRef = 8F1185871909528600B4FF98 /* main.m */; };
		8F11858C1909528600B4FF98 /* AppDelegate.m in Sources */ = {isa = PBXBuildFile; fileRef = 8F11858B1909528600B4FF98 /* AppDelegate.m */; };
		8F11858E1909528600B4FF98 /* Images.xcassets in Resources */ = {isa = PBXBuildFile; fileRef = 8F11858D1909528600B4FF98 /* Images.xcassets */; };
		8F1185951909528600B4FF98 /* XCTest.framework in Frameworks */ = {isa = PBXBuildFile; fileRef = 8F1185941909528600B4FF98 /* XCTest.framework */; };
		8F1185961909528600B4FF98 /* Foundation.framework in Frameworks */ = {isa = PBXBuildFile; fileRef = 8F11857B1909528600B4FF98 /* Foundation.framework */; };
		8F1185971909528600B4FF98 /* UIKit.framework in Frameworks */ = {isa = PBXBuildFile; fileRef = 8F11857F1909528600B4FF98 /* UIKit.framework */; };
		8F11859F1909528600B4FF98 /* InfoPlist.strings in Resources */ = {isa = PBXBuildFile; fileRef = 8F11859D1909528600B4FF98 /* InfoPlist.strings */; };
		8F1185A11909528600B4FF98 /* TVST_DemoTests.m in Sources */ = {isa = PBXBuildFile; fileRef = 8F1185A01909528600B4FF98 /* TVST_DemoTests.m */; };
		8F1185AE1909530D00B4FF98 /* MainViewController.m in Sources */ = {isa = PBXBuildFile; fileRef = 8F1185AC1909530D00B4FF98 /* MainViewController.m */; };
		8F1185AF1909530D00B4FF98 /* MainView.xib in Resources */ = {isa = PBXBuildFile; fileRef = 8F1185AD1909530D00B4FF98 /* MainView.xib */; };
		8FB21484190954D70096593B /* CFNetwork.framework in Frameworks */ = {isa = PBXBuildFile; fileRef = 8FB21483190954D70096593B /* CFNetwork.framework */; };
		8FB214A9190958450096593B /* libRestKit.a in Frameworks */ = {isa = PBXBuildFile; fileRef = 8FB214A0190957EB0096593B /* libRestKit.a */; };
		8FB214AB190958570096593B /* CoreData.framework in Frameworks */ = {isa = PBXBuildFile; fileRef = 8FB214AA190958570096593B /* CoreData.framework */; };
		8FB214AD190958610096593B /* MobileCoreServices.framework in Frameworks */ = {isa = PBXBuildFile; fileRef = 8FB214AC190958610096593B /* MobileCoreServices.framework */; };
		8FB214AF190958680096593B /* Security.framework in Frameworks */ = {isa = PBXBuildFile; fileRef = 8FB214AE190958680096593B /* Security.framework */; };
		8FB214B1190958720096593B /* SystemConfiguration.framework in Frameworks */ = {isa = PBXBuildFile; fileRef = 8FB214B0190958720096593B /* SystemConfiguration.framework */; };
		8FB214B5190959F70096593B /* TVSTShow.m in Sources */ = {isa = PBXBuildFile; fileRef = 8FB214B4190959F70096593B /* TVSTShow.m */; };
		8FB214B819095A2E0096593B /* TVSTComment.m in Sources */ = {isa = PBXBuildFile; fileRef = 8FB214B719095A2E0096593B /* TVSTComment.m */; };
		8FB214BB19095A3A0096593B /* TVSTUser.m in Sources */ = {isa = PBXBuildFile; fileRef = 8FB214BA19095A3A0096593B /* TVSTUser.m */; };
/* End PBXBuildFile section */

/* Begin PBXContainerItemProxy section */
		8F1185981909528600B4FF98 /* PBXContainerItemProxy */ = {
			isa = PBXContainerItemProxy;
			containerPortal = 8F1185701909528600B4FF98 /* Project object */;
			proxyType = 1;
			remoteGlobalIDString = 8F1185771909528600B4FF98;
			remoteInfo = "TVST Demo";
		};
		8FB2149F190957EB0096593B /* PBXContainerItemProxy */ = {
			isa = PBXContainerItemProxy;
			containerPortal = 8FB21498190957E90096593B /* RestKit.xcodeproj */;
			proxyType = 2;
			remoteGlobalIDString = 25160D1614564E810060A5C5;
			remoteInfo = RestKit;
		};
		8FB214A1190957EB0096593B /* PBXContainerItemProxy */ = {
			isa = PBXContainerItemProxy;
			containerPortal = 8FB21498190957E90096593B /* RestKit.xcodeproj */;
			proxyType = 2;
			remoteGlobalIDString = 25160D2614564E820060A5C5;
			remoteInfo = RestKitTests;
		};
		8FB214A3190957EB0096593B /* PBXContainerItemProxy */ = {
			isa = PBXContainerItemProxy;
			containerPortal = 8FB21498190957E90096593B /* RestKit.xcodeproj */;
			proxyType = 2;
			remoteGlobalIDString = 25160E62145651060060A5C5;
			remoteInfo = RestKitFramework;
		};
		8FB214A5190957EB0096593B /* PBXContainerItemProxy */ = {
			isa = PBXContainerItemProxy;
			containerPortal = 8FB21498190957E90096593B /* RestKit.xcodeproj */;
			proxyType = 2;
			remoteGlobalIDString = 25160E78145651060060A5C5;
			remoteInfo = RestKitFrameworkTests;
		};
		8FB214A71909583A0096593B /* PBXContainerItemProxy */ = {
			isa = PBXContainerItemProxy;
			containerPortal = 8FB21498190957E90096593B /* RestKit.xcodeproj */;
			proxyType = 1;
			remoteGlobalIDString = 25160D1514564E810060A5C5;
			remoteInfo = RestKit;
		};
/* End PBXContainerItemProxy section */

/* Begin PBXFileReference section */
		8F1185781909528600B4FF98 /* TVST Demo.app */ = {isa = PBXFileReference; explicitFileType = wrapper.application; includeInIndex = 0; path = "TVST Demo.app"; sourceTree = BUILT_PRODUCTS_DIR; };
		8F11857B1909528600B4FF98 /* Foundation.framework */ = {isa = PBXFileReference; lastKnownFileType = wrapper.framework; name = Foundation.framework; path = System/Library/Frameworks/Foundation.framework; sourceTree = SDKROOT; };
		8F11857D1909528600B4FF98 /* CoreGraphics.framework */ = {isa = PBXFileReference; lastKnownFileType = wrapper.framework; name = CoreGraphics.framework; path = System/Library/Frameworks/CoreGraphics.framework; sourceTree = SDKROOT; };
		8F11857F1909528600B4FF98 /* UIKit.framework */ = {isa = PBXFileReference; lastKnownFileType = wrapper.framework; name = UIKit.framework; path = System/Library/Frameworks/UIKit.framework; sourceTree = SDKROOT; };
		8F1185831909528600B4FF98 /* TVST Demo-Info.plist */ = {isa = PBXFileReference; lastKnownFileType = text.plist.xml; path = "TVST Demo-Info.plist"; sourceTree = "<group>"; };
		8F1185851909528600B4FF98 /* en */ = {isa = PBXFileReference; lastKnownFileType = text.plist.strings; name = en; path = en.lproj/InfoPlist.strings; sourceTree = "<group>"; };
		8F1185871909528600B4FF98 /* main.m */ = {isa = PBXFileReference; lastKnownFileType = sourcecode.c.objc; path = main.m; sourceTree = "<group>"; };
		8F1185891909528600B4FF98 /* TVST Demo-Prefix.pch */ = {isa = PBXFileReference; lastKnownFileType = sourcecode.c.h; path = "TVST Demo-Prefix.pch"; sourceTree = "<group>"; };
		8F11858A1909528600B4FF98 /* AppDelegate.h */ = {isa = PBXFileReference; lastKnownFileType = sourcecode.c.h; path = AppDelegate.h; sourceTree = "<group>"; };
		8F11858B1909528600B4FF98 /* AppDelegate.m */ = {isa = PBXFileReference; lastKnownFileType = sourcecode.c.objc; path = AppDelegate.m; sourceTree = "<group>"; };
		8F11858D1909528600B4FF98 /* Images.xcassets */ = {isa = PBXFileReference; lastKnownFileType = folder.assetcatalog; path = Images.xcassets; sourceTree = "<group>"; };
		8F1185931909528600B4FF98 /* TVST DemoTests.xctest */ = {isa = PBXFileReference; explicitFileType = wrapper.cfbundle; includeInIndex = 0; path = "TVST DemoTests.xctest"; sourceTree = BUILT_PRODUCTS_DIR; };
		8F1185941909528600B4FF98 /* XCTest.framework */ = {isa = PBXFileReference; lastKnownFileType = wrapper.framework; name = XCTest.framework; path = Library/Frameworks/XCTest.framework; sourceTree = DEVELOPER_DIR; };
		8F11859C1909528600B4FF98 /* TVST DemoTests-Info.plist */ = {isa = PBXFileReference; lastKnownFileType = text.plist.xml; path = "TVST DemoTests-Info.plist"; sourceTree = "<group>"; };
		8F11859E1909528600B4FF98 /* en */ = {isa = PBXFileReference; lastKnownFileType = text.plist.strings; name = en; path = en.lproj/InfoPlist.strings; sourceTree = "<group>"; };
		8F1185A01909528600B4FF98 /* TVST_DemoTests.m */ = {isa = PBXFileReference; lastKnownFileType = sourcecode.c.objc; path = TVST_DemoTests.m; sourceTree = "<group>"; };
		8F1185AB1909530D00B4FF98 /* MainViewController.h */ = {isa = PBXFileReference; fileEncoding = 4; lastKnownFileType = sourcecode.c.h; path = MainViewController.h; sourceTree = "<group>"; };
		8F1185AC1909530D00B4FF98 /* MainViewController.m */ = {isa = PBXFileReference; fileEncoding = 4; lastKnownFileType = sourcecode.c.objc; path = MainViewController.m; sourceTree = "<group>"; };
		8F1185AD1909530D00B4FF98 /* MainView.xib */ = {isa = PBXFileReference; fileEncoding = 4; lastKnownFileType = file.xib; path = MainView.xib; sourceTree = "<group>"; };
		8FB21483190954D70096593B /* CFNetwork.framework */ = {isa = PBXFileReference; lastKnownFileType = wrapper.framework; name = CFNetwork.framework; path = System/Library/Frameworks/CFNetwork.framework; sourceTree = SDKROOT; };
		8FB21498190957E90096593B /* RestKit.xcodeproj */ = {isa = PBXFileReference; lastKnownFileType = "wrapper.pb-project"; name = RestKit.xcodeproj; path = RestKit/RestKit.xcodeproj; sourceTree = SOURCE_ROOT; };
		8FB214AA190958570096593B /* CoreData.framework */ = {isa = PBXFileReference; lastKnownFileType = wrapper.framework; name = CoreData.framework; path = System/Library/Frameworks/CoreData.framework; sourceTree = SDKROOT; };
		8FB214AC190958610096593B /* MobileCoreServices.framework */ = {isa = PBXFileReference; lastKnownFileType = wrapper.framework; name = MobileCoreServices.framework; path = System/Library/Frameworks/MobileCoreServices.framework; sourceTree = SDKROOT; };
		8FB214AE190958680096593B /* Security.framework */ = {isa = PBXFileReference; lastKnownFileType = wrapper.framework; name = Security.framework; path = System/Library/Frameworks/Security.framework; sourceTree = SDKROOT; };
		8FB214B0190958720096593B /* SystemConfiguration.framework */ = {isa = PBXFileReference; lastKnownFileType = wrapper.framework; name = SystemConfiguration.framework; path = System/Library/Frameworks/SystemConfiguration.framework; sourceTree = SDKROOT; };
		8FB214B3190959F70096593B /* TVSTShow.h */ = {isa = PBXFileReference; fileEncoding = 4; lastKnownFileType = sourcecode.c.h; path = TVSTShow.h; sourceTree = "<group>"; };
		8FB214B4190959F70096593B /* TVSTShow.m */ = {isa = PBXFileReference; fileEncoding = 4; lastKnownFileType = sourcecode.c.objc; path = TVSTShow.m; sourceTree = "<group>"; };
		8FB214B619095A2E0096593B /* TVSTComment.h */ = {isa = PBXFileReference; fileEncoding = 4; lastKnownFileType = sourcecode.c.h; path = TVSTComment.h; sourceTree = "<group>"; };
		8FB214B719095A2E0096593B /* TVSTComment.m */ = {isa = PBXFileReference; fileEncoding = 4; lastKnownFileType = sourcecode.c.objc; path = TVSTComment.m; sourceTree = "<group>"; };
		8FB214B919095A3A0096593B /* TVSTUser.h */ = {isa = PBXFileReference; fileEncoding = 4; lastKnownFileType = sourcecode.c.h; path = TVSTUser.h; sourceTree = "<group>"; };
		8FB214BA19095A3A0096593B /* TVSTUser.m */ = {isa = PBXFileReference; fileEncoding = 4; lastKnownFileType = sourcecode.c.objc; path = TVSTUser.m; sourceTree = "<group>"; };
/* End PBXFileReference section */

/* Begin PBXFrameworksBuildPhase section */
		8F1185751909528600B4FF98 /* Frameworks */ = {
			isa = PBXFrameworksBuildPhase;
			buildActionMask = 2147483647;
			files = (
				8FB214B1190958720096593B /* SystemConfiguration.framework in Frameworks */,
				8FB214AF190958680096593B /* Security.framework in Frameworks */,
				8FB214AD190958610096593B /* MobileCoreServices.framework in Frameworks */,
				8FB214AB190958570096593B /* CoreData.framework in Frameworks */,
				8FB214A9190958450096593B /* libRestKit.a in Frameworks */,
				8FB21484190954D70096593B /* CFNetwork.framework in Frameworks */,
				8F11857E1909528600B4FF98 /* CoreGraphics.framework in Frameworks */,
				8F1185801909528600B4FF98 /* UIKit.framework in Frameworks */,
				8F11857C1909528600B4FF98 /* Foundation.framework in Frameworks */,
			);
			runOnlyForDeploymentPostprocessing = 0;
		};
		8F1185901909528600B4FF98 /* Frameworks */ = {
			isa = PBXFrameworksBuildPhase;
			buildActionMask = 2147483647;
			files = (
				8F1185951909528600B4FF98 /* XCTest.framework in Frameworks */,
				8F1185971909528600B4FF98 /* UIKit.framework in Frameworks */,
				8F1185961909528600B4FF98 /* Foundation.framework in Frameworks */,
			);
			runOnlyForDeploymentPostprocessing = 0;
		};
/* End PBXFrameworksBuildPhase section */

/* Begin PBXGroup section */
		8F11856F1909528600B4FF98 = {
			isa = PBXGroup;
			children = (
				8F1185811909528600B4FF98 /* TVST Demo */,
				8F11859A1909528600B4FF98 /* TVST DemoTests */,
				8F11857A1909528600B4FF98 /* Frameworks */,
				8F1185791909528600B4FF98 /* Products */,
			);
			sourceTree = "<group>";
		};
		8F1185791909528600B4FF98 /* Products */ = {
			isa = PBXGroup;
			children = (
				8F1185781909528600B4FF98 /* TVST Demo.app */,
				8F1185931909528600B4FF98 /* TVST DemoTests.xctest */,
			);
			name = Products;
			sourceTree = "<group>";
		};
		8F11857A1909528600B4FF98 /* Frameworks */ = {
			isa = PBXGroup;
			children = (
				8FB214B0190958720096593B /* SystemConfiguration.framework */,
				8FB214AE190958680096593B /* Security.framework */,
				8FB214AC190958610096593B /* MobileCoreServices.framework */,
				8FB214AA190958570096593B /* CoreData.framework */,
				8FB21483190954D70096593B /* CFNetwork.framework */,
				8F11857B1909528600B4FF98 /* Foundation.framework */,
				8F11857D1909528600B4FF98 /* CoreGraphics.framework */,
				8F11857F1909528600B4FF98 /* UIKit.framework */,
				8F1185941909528600B4FF98 /* XCTest.framework */,
			);
			name = Frameworks;
			sourceTree = "<group>";
		};
		8F1185811909528600B4FF98 /* TVST Demo */ = {
			isa = PBXGroup;
			children = (
				8F1185B0190953B100B4FF98 /* Externals */,
				8FB214B2190959B70096593B /* Objects */,
				8F11858A1909528600B4FF98 /* AppDelegate.h */,
				8F11858B1909528600B4FF98 /* AppDelegate.m */,
				8F1185AA190952F800B4FF98 /* View Controllers */,
				8F11858D1909528600B4FF98 /* Images.xcassets */,
				8F1185821909528600B4FF98 /* Supporting Files */,
			);
			path = "TVST Demo";
			sourceTree = "<group>";
		};
		8F1185821909528600B4FF98 /* Supporting Files */ = {
			isa = PBXGroup;
			children = (
				8F1185831909528600B4FF98 /* TVST Demo-Info.plist */,
				8F1185841909528600B4FF98 /* InfoPlist.strings */,
				8F1185871909528600B4FF98 /* main.m */,
				8F1185891909528600B4FF98 /* TVST Demo-Prefix.pch */,
			);
			name = "Supporting Files";
			sourceTree = "<group>";
		};
		8F11859A1909528600B4FF98 /* TVST DemoTests */ = {
			isa = PBXGroup;
			children = (
				8F1185A01909528600B4FF98 /* TVST_DemoTests.m */,
				8F11859B1909528600B4FF98 /* Supporting Files */,
			);
			path = "TVST DemoTests";
			sourceTree = "<group>";
		};
		8F11859B1909528600B4FF98 /* Supporting Files */ = {
			isa = PBXGroup;
			children = (
				8F11859C1909528600B4FF98 /* TVST DemoTests-Info.plist */,
				8F11859D1909528600B4FF98 /* InfoPlist.strings */,
			);
			name = "Supporting Files";
			sourceTree = "<group>";
		};
		8F1185AA190952F800B4FF98 /* View Controllers */ = {
			isa = PBXGroup;
			children = (
				8F1185AB1909530D00B4FF98 /* MainViewController.h */,
				8F1185AC1909530D00B4FF98 /* MainViewController.m */,
				8F1185AD1909530D00B4FF98 /* MainView.xib */,
			);
			name = "View Controllers";
			sourceTree = "<group>";
		};
		8F1185B0190953B100B4FF98 /* Externals */ = {
			isa = PBXGroup;
			children = (
				8FB21498190957E90096593B /* RestKit.xcodeproj */,
			);
			name = Externals;
			sourceTree = "<group>";
		};
		8FB21499190957E90096593B /* Products */ = {
			isa = PBXGroup;
			children = (
				8FB214A0190957EB0096593B /* libRestKit.a */,
				8FB214A2190957EB0096593B /* RestKitTests.octest */,
				8FB214A4190957EB0096593B /* RestKit.framework */,
				8FB214A6190957EB0096593B /* RestKitFrameworkTests.octest */,
			);
			name = Products;
			sourceTree = "<group>";
		};
		8FB214B2190959B70096593B /* Objects */ = {
			isa = PBXGroup;
			children = (
				8FB214B3190959F70096593B /* TVSTShow.h */,
				8FB214B4190959F70096593B /* TVSTShow.m */,
				8FB214B619095A2E0096593B /* TVSTComment.h */,
				8FB214B719095A2E0096593B /* TVSTComment.m */,
				8FB214B919095A3A0096593B /* TVSTUser.h */,
				8FB214BA19095A3A0096593B /* TVSTUser.m */,
			);
			path = Objects;
			sourceTree = "<group>";
		};
/* End PBXGroup section */

/* Begin PBXNativeTarget section */
		8F1185771909528600B4FF98 /* TVST Demo */ = {
			isa = PBXNativeTarget;
			buildConfigurationList = 8F1185A41909528600B4FF98 /* Build configuration list for PBXNativeTarget "TVST Demo" */;
			buildPhases = (
				8F1185741909528600B4FF98 /* Sources */,
				8F1185751909528600B4FF98 /* Frameworks */,
				8F1185761909528600B4FF98 /* Resources */,
			);
			buildRules = (
			);
			dependencies = (
				8FB214A81909583A0096593B /* PBXTargetDependency */,
			);
			name = "TVST Demo";
			productName = "TVST Demo";
			productReference = 8F1185781909528600B4FF98 /* TVST Demo.app */;
			productType = "com.apple.product-type.application";
		};
		8F1185921909528600B4FF98 /* TVST DemoTests */ = {
			isa = PBXNativeTarget;
			buildConfigurationList = 8F1185A71909528600B4FF98 /* Build configuration list for PBXNativeTarget "TVST DemoTests" */;
			buildPhases = (
				8F11858F1909528600B4FF98 /* Sources */,
				8F1185901909528600B4FF98 /* Frameworks */,
				8F1185911909528600B4FF98 /* Resources */,
			);
			buildRules = (
			);
			dependencies = (
				8F1185991909528600B4FF98 /* PBXTargetDependency */,
			);
			name = "TVST DemoTests";
			productName = "TVST DemoTests";
			productReference = 8F1185931909528600B4FF98 /* TVST DemoTests.xctest */;
			productType = "com.apple.product-type.bundle.unit-test";
		};
/* End PBXNativeTarget section */

/* Begin PBXProject section */
		8F1185701909528600B4FF98 /* Project object */ = {
			isa = PBXProject;
			attributes = {
				LastUpgradeCheck = 0510;
				ORGANIZATIONNAME = Talal;
				TargetAttributes = {
					8F1185921909528600B4FF98 = {
						TestTargetID = 8F1185771909528600B4FF98;
					};
				};
			};
			buildConfigurationList = 8F1185731909528600B4FF98 /* Build configuration list for PBXProject "TVST Demo" */;
			compatibilityVersion = "Xcode 3.2";
			developmentRegion = English;
			hasScannedForEncodings = 0;
			knownRegions = (
				en,
			);
			mainGroup = 8F11856F1909528600B4FF98;
			productRefGroup = 8F1185791909528600B4FF98 /* Products */;
			projectDirPath = "";
			projectReferences = (
				{
					ProductGroup = 8FB21499190957E90096593B /* Products */;
					ProjectRef = 8FB21498190957E90096593B /* RestKit.xcodeproj */;
				},
			);
			projectRoot = "";
			targets = (
				8F1185771909528600B4FF98 /* TVST Demo */,
				8F1185921909528600B4FF98 /* TVST DemoTests */,
			);
		};
/* End PBXProject section */

/* Begin PBXReferenceProxy section */
		8FB214A0190957EB0096593B /* libRestKit.a */ = {
			isa = PBXReferenceProxy;
			fileType = archive.ar;
			path = libRestKit.a;
			remoteRef = 8FB2149F190957EB0096593B /* PBXContainerItemProxy */;
			sourceTree = BUILT_PRODUCTS_DIR;
		};
		8FB214A2190957EB0096593B /* RestKitTests.octest */ = {
			isa = PBXReferenceProxy;
			fileType = wrapper.cfbundle;
			path = RestKitTests.octest;
			remoteRef = 8FB214A1190957EB0096593B /* PBXContainerItemProxy */;
			sourceTree = BUILT_PRODUCTS_DIR;
		};
		8FB214A4190957EB0096593B /* RestKit.framework */ = {
			isa = PBXReferenceProxy;
			fileType = wrapper.framework;
			path = RestKit.framework;
			remoteRef = 8FB214A3190957EB0096593B /* PBXContainerItemProxy */;
			sourceTree = BUILT_PRODUCTS_DIR;
		};
		8FB214A6190957EB0096593B /* RestKitFrameworkTests.octest */ = {
			isa = PBXReferenceProxy;
			fileType = wrapper.cfbundle;
			path = RestKitFrameworkTests.octest;
			remoteRef = 8FB214A5190957EB0096593B /* PBXContainerItemProxy */;
			sourceTree = BUILT_PRODUCTS_DIR;
		};
/* End PBXReferenceProxy section */

/* Begin PBXResourcesBuildPhase section */
		8F1185761909528600B4FF98 /* Resources */ = {
			isa = PBXResourcesBuildPhase;
			buildActionMask = 2147483647;
			files = (
				8F1185861909528600B4FF98 /* InfoPlist.strings in Resources */,
				8F1185AF1909530D00B4FF98 /* MainView.xib in Resources */,
				8F11858E1909528600B4FF98 /* Images.xcassets in Resources */,
			);
			runOnlyForDeploymentPostprocessing = 0;
		};
		8F1185911909528600B4FF98 /* Resources */ = {
			isa = PBXResourcesBuildPhase;
			buildActionMask = 2147483647;
			files = (
				8F11859F1909528600B4FF98 /* InfoPlist.strings in Resources */,
			);
			runOnlyForDeploymentPostprocessing = 0;
		};
/* End PBXResourcesBuildPhase section */

/* Begin PBXSourcesBuildPhase section */
		8F1185741909528600B4FF98 /* Sources */ = {
			isa = PBXSourcesBuildPhase;
			buildActionMask = 2147483647;
			files = (
				8F11858C1909528600B4FF98 /* AppDelegate.m in Sources */,
				8F1185AE1909530D00B4FF98 /* MainViewController.m in Sources */,
				8F1185881909528600B4FF98 /* main.m in Sources */,
				8FB214B5190959F70096593B /* TVSTShow.m in Sources */,
				8FB214B819095A2E0096593B /* TVSTComment.m in Sources */,
				8FB214BB19095A3A0096593B /* TVSTUser.m in Sources */,
			);
			runOnlyForDeploymentPostprocessing = 0;
		};
		8F11858F1909528600B4FF98 /* Sources */ = {
			isa = PBXSourcesBuildPhase;
			buildActionMask = 2147483647;
			files = (
				8F1185A11909528600B4FF98 /* TVST_DemoTests.m in Sources */,
			);
			runOnlyForDeploymentPostprocessing = 0;
		};
/* End PBXSourcesBuildPhase section */

/* Begin PBXTargetDependency section */
		8F1185991909528600B4FF98 /* PBXTargetDependency */ = {
			isa = PBXTargetDependency;
			target = 8F1185771909528600B4FF98 /* TVST Demo */;
			targetProxy = 8F1185981909528600B4FF98 /* PBXContainerItemProxy */;
		};
		8FB214A81909583A0096593B /* PBXTargetDependency */ = {
			isa = PBXTargetDependency;
			name = RestKit;
			targetProxy = 8FB214A71909583A0096593B /* PBXContainerItemProxy */;
		};
/* End PBXTargetDependency section */

/* Begin PBXVariantGroup section */
		8F1185841909528600B4FF98 /* InfoPlist.strings */ = {
			isa = PBXVariantGroup;
			children = (
				8F1185851909528600B4FF98 /* en */,
			);
			name = InfoPlist.strings;
			sourceTree = "<group>";
		};
		8F11859D1909528600B4FF98 /* InfoPlist.strings */ = {
			isa = PBXVariantGroup;
			children = (
				8F11859E1909528600B4FF98 /* en */,
			);
			name = InfoPlist.strings;
			sourceTree = "<group>";
		};
/* End PBXVariantGroup section */

/* Begin XCBuildConfiguration section */
		8F1185A21909528600B4FF98 /* Debug */ = {
			isa = XCBuildConfiguration;
			buildSettings = {
				ALWAYS_SEARCH_USER_PATHS = NO;
				CLANG_CXX_LANGUAGE_STANDARD = "gnu++0x";
				CLANG_CXX_LIBRARY = "libc++";
				CLANG_ENABLE_MODULES = YES;
				CLANG_ENABLE_OBJC_ARC = YES;
				CLANG_WARN_BOOL_CONVERSION = YES;
				CLANG_WARN_CONSTANT_CONVERSION = YES;
				CLANG_WARN_DIRECT_OBJC_ISA_USAGE = YES_ERROR;
				CLANG_WARN_EMPTY_BODY = YES;
				CLANG_WARN_ENUM_CONVERSION = YES;
				CLANG_WARN_INT_CONVERSION = YES;
				CLANG_WARN_OBJC_ROOT_CLASS = YES_ERROR;
				CLANG_WARN__DUPLICATE_METHOD_MATCH = YES;
				"CODE_SIGN_IDENTITY[sdk=iphoneos*]" = "iPhone Developer";
				COPY_PHASE_STRIP = NO;
				GCC_C_LANGUAGE_STANDARD = gnu99;
				GCC_DYNAMIC_NO_PIC = NO;
				GCC_OPTIMIZATION_LEVEL = 0;
				GCC_PREPROCESSOR_DEFINITIONS = (
					"DEBUG=1",
					"$(inherited)",
				);
				GCC_SYMBOLS_PRIVATE_EXTERN = NO;
				GCC_WARN_64_TO_32_BIT_CONVERSION = YES;
				GCC_WARN_ABOUT_RETURN_TYPE = YES_ERROR;
				GCC_WARN_UNDECLARED_SELECTOR = YES;
				GCC_WARN_UNINITIALIZED_AUTOS = YES_AGGRESSIVE;
				GCC_WARN_UNUSED_FUNCTION = YES;
				GCC_WARN_UNUSED_VARIABLE = YES;
				IPHONEOS_DEPLOYMENT_TARGET = 7.1;
				ONLY_ACTIVE_ARCH = YES;
				SDKROOT = iphoneos;
				TARGETED_DEVICE_FAMILY = 2;
			};
			name = Debug;
		};
		8F1185A31909528600B4FF98 /* Release */ = {
			isa = XCBuildConfiguration;
			buildSettings = {
				ALWAYS_SEARCH_USER_PATHS = NO;
				CLANG_CXX_LANGUAGE_STANDARD = "gnu++0x";
				CLANG_CXX_LIBRARY = "libc++";
				CLANG_ENABLE_MODULES = YES;
				CLANG_ENABLE_OBJC_ARC = YES;
				CLANG_WARN_BOOL_CONVERSION = YES;
				CLANG_WARN_CONSTANT_CONVERSION = YES;
				CLANG_WARN_DIRECT_OBJC_ISA_USAGE = YES_ERROR;
				CLANG_WARN_EMPTY_BODY = YES;
				CLANG_WARN_ENUM_CONVERSION = YES;
				CLANG_WARN_INT_CONVERSION = YES;
				CLANG_WARN_OBJC_ROOT_CLASS = YES_ERROR;
				CLANG_WARN__DUPLICATE_METHOD_MATCH = YES;
				"CODE_SIGN_IDENTITY[sdk=iphoneos*]" = "iPhone Developer";
				COPY_PHASE_STRIP = YES;
				ENABLE_NS_ASSERTIONS = NO;
				GCC_C_LANGUAGE_STANDARD = gnu99;
				GCC_WARN_64_TO_32_BIT_CONVERSION = YES;
				GCC_WARN_ABOUT_RETURN_TYPE = YES_ERROR;
				GCC_WARN_UNDECLARED_SELECTOR = YES;
				GCC_WARN_UNINITIALIZED_AUTOS = YES_AGGRESSIVE;
				GCC_WARN_UNUSED_FUNCTION = YES;
				GCC_WARN_UNUSED_VARIABLE = YES;
				IPHONEOS_DEPLOYMENT_TARGET = 7.1;
				SDKROOT = iphoneos;
				TARGETED_DEVICE_FAMILY = 2;
				VALIDATE_PRODUCT = YES;
			};
			name = Release;
		};
		8F1185A51909528600B4FF98 /* Debug */ = {
			isa = XCBuildConfiguration;
			buildSettings = {
				ASSETCATALOG_COMPILER_APPICON_NAME = AppIcon;
				ASSETCATALOG_COMPILER_LAUNCHIMAGE_NAME = LaunchImage;
				FRAMEWORK_SEARCH_PATHS = (
					"$(inherited)",
					"$(PROJECT_DIR)/TVST",
					Demo/RestKit/Tests/Vendor/OCHamcrest,
					"$(PROJECT_DIR)/TVST",
					Demo/RestKit/Tests/Vendor/OCHamcrest,
				);
				GCC_PRECOMPILE_PREFIX_HEADER = YES;
				GCC_PREFIX_HEADER = "TVST Demo/TVST Demo-Prefix.pch";
				HEADER_SEARCH_PATHS = (
					"$(inherited)",
					/Applications/Xcode.app/Contents/Developer/Toolchains/XcodeDefault.xctoolchain/usr/include,
					"\"$(BUILT_PRODUCTS_DIR)/../../Headers\"",
				);
				INFOPLIST_FILE = "TVST Demo/TVST Demo-Info.plist";
				OTHER_LDFLAGS = (
					"-all_load",
					"-objC",
					"-lsqlite3.0",
				);
				PRODUCT_NAME = "$(TARGET_NAME)";
				USER_HEADER_SEARCH_PATHS = "";
				WRAPPER_EXTENSION = app;
			};
			name = Debug;
		};
		8F1185A61909528600B4FF98 /* Release */ = {
			isa = XCBuildConfiguration;
			buildSettings = {
				ASSETCATALOG_COMPILER_APPICON_NAME = AppIcon;
				ASSETCATALOG_COMPILER_LAUNCHIMAGE_NAME = LaunchImage;
				FRAMEWORK_SEARCH_PATHS = (
					"$(inherited)",
					"$(PROJECT_DIR)/TVST",
					Demo/RestKit/Tests/Vendor/OCHamcrest,
					"$(PROJECT_DIR)/TVST",
					Demo/RestKit/Tests/Vendor/OCHamcrest,
				);
				GCC_PRECOMPILE_PREFIX_HEADER = YES;
				GCC_PREFIX_HEADER = "TVST Demo/TVST Demo-Prefix.pch";
				HEADER_SEARCH_PATHS = (
					"$(inherited)",
					/Applications/Xcode.app/Contents/Developer/Toolchains/XcodeDefault.xctoolchain/usr/include,
					"\"$(BUILT_PRODUCTS_DIR)/../../Headers\"",
				);
				INFOPLIST_FILE = "TVST Demo/TVST Demo-Info.plist";
				OTHER_LDFLAGS = (
					"-all_load",
					"-objC",
					"-lsqlite3.0",
				);
				PRODUCT_NAME = "$(TARGET_NAME)";
				USER_HEADER_SEARCH_PATHS = "";
				WRAPPER_EXTENSION = app;
			};
			name = Release;
		};
		8F1185A81909528600B4FF98 /* Debug */ = {
			isa = XCBuildConfiguration;
			buildSettings = {
				BUNDLE_LOADER = "$(BUILT_PRODUCTS_DIR)/TVST Demo.app/TVST Demo";
				FRAMEWORK_SEARCH_PATHS = (
					"$(SDKROOT)/Developer/Library/Frameworks",
					"$(inherited)",
					"$(DEVELOPER_FRAMEWORKS_DIR)",
				);
				GCC_PRECOMPILE_PREFIX_HEADER = YES;
				GCC_PREFIX_HEADER = "TVST Demo/TVST Demo-Prefix.pch";
				GCC_PREPROCESSOR_DEFINITIONS = (
					"DEBUG=1",
					"$(inherited)",
				);
				INFOPLIST_FILE = "TVST DemoTests/TVST DemoTests-Info.plist";
				PRODUCT_NAME = "$(TARGET_NAME)";
				TEST_HOST = "$(BUNDLE_LOADER)";
				WRAPPER_EXTENSION = xctest;
			};
			name = Debug;
		};
		8F1185A91909528600B4FF98 /* Release */ = {
			isa = XCBuildConfiguration;
			buildSettings = {
				BUNDLE_LOADER = "$(BUILT_PRODUCTS_DIR)/TVST Demo.app/TVST Demo";
				FRAMEWORK_SEARCH_PATHS = (
					"$(SDKROOT)/Developer/Library/Frameworks",
					"$(inherited)",
					"$(DEVELOPER_FRAMEWORKS_DIR)",
				);
				GCC_PRECOMPILE_PREFIX_HEADER = YES;
				GCC_PREFIX_HEADER = "TVST Demo/TVST Demo-Prefix.pch";
				INFOPLIST_FILE = "TVST DemoTests/TVST DemoTests-Info.plist";
				PRODUCT_NAME = "$(TARGET_NAME)";
				TEST_HOST = "$(BUNDLE_LOADER)";
				WRAPPER_EXTENSION = xctest;
			};
			name = Release;
		};
/* End XCBuildConfiguration section */

/* Begin XCConfigurationList section */
		8F1185731909528600B4FF98 /* Build configuration list for PBXProject "TVST Demo" */ = {
			isa = XCConfigurationList;
			buildConfigurations = (
				8F1185A21909528600B4FF98 /* Debug */,
				8F1185A31909528600B4FF98 /* Release */,
			);
			defaultConfigurationIsVisible = 0;
			defaultConfigurationName = Release;
		};
		8F1185A41909528600B4FF98 /* Build configuration list for PBXNativeTarget "TVST Demo" */ = {
			isa = XCConfigurationList;
			buildConfigurations = (
				8F1185A51909528600B4FF98 /* Debug */,
				8F1185A61909528600B4FF98 /* Release */,
			);
			defaultConfigurationIsVisible = 0;
			defaultConfigurationName = Release;
		};
		8F1185A71909528600B4FF98 /* Build configuration list for PBXNativeTarget "TVST DemoTests" */ = {
			isa = XCConfigurationList;
			buildConfigurations = (
				8F1185A81909528600B4FF98 /* Debug */,
				8F1185A91909528600B4FF98 /* Release */,
			);
			defaultConfigurationIsVisible = 0;
			defaultConfigurationName = Release;
		};
/* End XCConfigurationList section */
	};
	rootObject = 8F1185701909528600B4FF98 /* Project object */;
}
